
Microsoft Visual Studio Solution File, Format Version 12.00
# Visual Studio 15
VisualStudioVersion = 15.0.28307.1300
MinimumVisualStudioVersion = 10.0.40219.1
Project("{FAE04EC0-301F-11D3-BF4B-00C04F79EFBC}") = "Web_oto", "Web_oto\Web_oto.csproj", "{555D53DE-42AD-4852-9328-BD08E2DB4341}"
EndProject
Global
	GlobalSection(SolutionConfigurationPlatforms) = preSolution
		Debug|Any CPU = Debug|Any CPU
		Release|Any CPU = Release|Any CPU
	EndGlobalSection
	GlobalSection(ProjectConfigurationPlatforms) = postSolution
		{555D53DE-42AD-4852-9328-BD08E2DB4341}.Debug|Any CPU.ActiveCfg = Debug|Any CPU
		{555D53DE-42AD-4852-9328-BD08E2DB4341}.Debug|Any CPU.Build.0 = Debug|Any CPU
		{555D53DE-42AD-4852-9328-BD08E2DB4341}.Release|Any CPU.ActiveCfg = Release|Any CPU
		{555D53DE-42AD-4852-9328-BD08E2DB4341}.Release|Any CPU.Build.0 = Release|Any CPU
	EndGlobalSection
	GlobalSection(SolutionProperties) = preSolution
		HideSolutionNode = FALSE
	EndGlobalSection
	GlobalSection(ExtensibilityGlobals) = postSolution
		SolutionGuid = {DCC511D4-643B-4382-983C-2D4D55486514}
	EndGlobalSection
EndGlobal
